Microsoft Visual Studio Solution File, Format Version 12.00
# Visual Studio Version 17
VisualStudioVersion = 17.0.31611.283
MinimumVisualStudioVersion = 10.0.40219.1
Project("{9A19103F-16F7-4668-BE54-9A1E7A4F7556}") = "MauiFormulaOne", "MauiFormulaOne\MauiFormulaOne.csproj", "{EBFBEB2F-F680-4A22-ADB5-0437199534CA}"
EndProject
Project("{9A19103F-16F7-4668-BE54-9A1E7A4F7556}") = "DataAccess", "DataAccess\DataAccess.csproj", "{9CFA6893-99B6-4CE6-8749-74B17EB1F98F}"
EndProject
Project("{9A19103F-16F7-4668-BE54-9A1E7A4F7556}") = "DataPuller", "DataPuller\DataPuller.csproj", "{EAC92738-8ED2-4825-870E-9195A2132FD0}"
EndProject
Project("{00D1A9C2-B5F0-4AF3-8072-F6C62B433612}") = "FormulaDB", "FormulaDB\FormulaDB.sqlproj", "{ED599051-719F-49F0-BD09-855397FAEC2C}"
EndProject
Project("{FAE04EC0-301F-11D3-BF4B-00C04F79EFBC}") = "ConsoleDataToDB", "ConsoleDataToDB\ConsoleDataToDB.csproj", "{95AD7BD3-8D1C-410C-89F8-66E51137D8FD}"
EndProject
Project("{FAE04EC0-301F-11D3-BF4B-00C04F79EFBC}") = "FormulaAPI", "FormulaAPI\FormulaAPI.csproj", "{E541105E-DE01-4050-8146-0116C059125D}"
EndProject
Global
	GlobalSection(SolutionConfigurationPlatforms) = preSolution
		Debug|Any CPU = Debug|Any CPU
		Release|Any CPU = Release|Any CPU
	EndGlobalSection
	GlobalSection(ProjectConfigurationPlatforms) = postSolution
		{EBFBEB2F-F680-4A22-ADB5-0437199534CA}.Debug|Any CPU.ActiveCfg = Debug|Any CPU
		{EBFBEB2F-F680-4A22-ADB5-0437199534CA}.Debug|Any CPU.Build.0 = Debug|Any CPU
		{EBFBEB2F-F680-4A22-ADB5-0437199534CA}.Debug|Any CPU.Deploy.0 = Debug|Any CPU
		{EBFBEB2F-F680-4A22-ADB5-0437199534CA}.Release|Any CPU.ActiveCfg = Release|Any CPU
		{EBFBEB2F-F680-4A22-ADB5-0437199534CA}.Release|Any CPU.Build.0 = Release|Any CPU
		{EBFBEB2F-F680-4A22-ADB5-0437199534CA}.Release|Any CPU.Deploy.0 = Release|Any CPU
		{9CFA6893-99B6-4CE6-8749-74B17EB1F98F}.Debug|Any CPU.ActiveCfg = Debug|Any CPU
		{9CFA6893-99B6-4CE6-8749-74B17EB1F98F}.Debug|Any CPU.Build.0 = Debug|Any CPU
		{9CFA6893-99B6-4CE6-8749-74B17EB1F98F}.Release|Any CPU.ActiveCfg = Release|Any CPU
		{9CFA6893-99B6-4CE6-8749-74B17EB1F98F}.Release|Any CPU.Build.0 = Release|Any CPU
		{EAC92738-8ED2-4825-870E-9195A2132FD0}.Debug|Any CPU.ActiveCfg = Debug|Any CPU
		{EAC92738-8ED2-4825-870E-9195A2132FD0}.Debug|Any CPU.Build.0 = Debug|Any CPU
		{EAC92738-8ED2-4825-870E-9195A2132FD0}.Release|Any CPU.ActiveCfg = Release|Any CPU
		{EAC92738-8ED2-4825-870E-9195A2132FD0}.Release|Any CPU.Build.0 = Release|Any CPU
		{ED599051-719F-49F0-BD09-855397FAEC2C}.Debug|Any CPU.ActiveCfg = Debug|Any CPU
		{ED599051-719F-49F0-BD09-855397FAEC2C}.Debug|Any CPU.Build.0 = Debug|Any CPU
		{ED599051-719F-49F0-BD09-855397FAEC2C}.Debug|Any CPU.Deploy.0 = Debug|Any CPU
		{ED599051-719F-49F0-BD09-855397FAEC2C}.Release|Any CPU.ActiveCfg = Release|Any CPU
		{ED599051-719F-49F0-BD09-855397FAEC2C}.Release|Any CPU.Build.0 = Release|Any CPU
		{ED599051-719F-49F0-BD09-855397FAEC2C}.Release|Any CPU.Deploy.0 = Release|Any CPU
		{95AD7BD3-8D1C-410C-89F8-66E51137D8FD}.Debug|Any CPU.ActiveCfg = Debug|Any CPU
		{95AD7BD3-8D1C-410C-89F8-66E51137D8FD}.Debug|Any CPU.Build.0 = Debug|Any CPU
		{95AD7BD3-8D1C-410C-89F8-66E51137D8FD}.Release|Any CPU.ActiveCfg = Release|Any CPU
		{95AD7BD3-8D1C-410C-89F8-66E51137D8FD}.Release|Any CPU.Build.0 = Release|Any CPU
		{E541105E-DE01-4050-8146-0116C059125D}.Debug|Any CPU.ActiveCfg = Debug|Any CPU
		{E541105E-DE01-4050-8146-0116C059125D}.Debug|Any CPU.Build.0 = Debug|Any CPU
		{E541105E-DE01-4050-8146-0116C059125D}.Release|Any CPU.ActiveCfg = Release|Any CPU
		{E541105E-DE01-4050-8146-0116C059125D}.Release|Any CPU.Build.0 = Release|Any CPU
	EndGlobalSection
	GlobalSection(SolutionProperties) = preSolution
		HideSolutionNode = FALSE
	EndGlobalSection
	GlobalSection(ExtensibilityGlobals) = postSolution
		        SolutionGuid = {61F7FB11-1E47-470C-91E2-47F8143E1572}
		SolutionGuid = {48130ADC-B0FA-45AD-985A-5AD641DF77B5}
	EndGlobalSection
EndGlobal
